
Microsoft Visual Studio Solution File, Format Version 12.00
# Visual Studio Version 16
VisualStudioVersion = 16.0.29215.179
MinimumVisualStudioVersion = 10.0.40219.1
Project("{9A19103F-16F7-4668-BE54-9A1E7A4F7556}") = "IdentityProvider", "IdentityProvider\IdentityProvider.csproj", "{586209B0-76BC-4196-9A59-32CB07476CB5}"
EndProject
Project("{FAE04EC0-301F-11D3-BF4B-00C04F79EFBC}") = "ConsoleClient", "ConsoleClient\ConsoleClient.csproj", "{6426797F-D5A5-41A4-B1C9-868BE161A10F}"
EndProject
Project("{FAE04EC0-301F-11D3-BF4B-00C04F79EFBC}") = "ProtectedAspDotNetCoreWebApi", "ProtectedAspDotNetCoreWebApi\ProtectedAspDotNetCoreWebApi.csproj", "{658942D5-C8AC-4825-A10B-9F2704D9DB41}"
EndProject
Global
	GlobalSection(SolutionConfigurationPlatforms) = preSolution
		Debug|Any CPU = Debug|Any CPU
		Release|Any CPU = Release|Any CPU
	EndGlobalSection
	GlobalSection(ProjectConfigurationPlatforms) = postSolution
		{586209B0-76BC-4196-9A59-32CB07476CB5}.Debug|Any CPU.ActiveCfg = Debug|Any CPU
		{586209B0-76BC-4196-9A59-32CB07476CB5}.Debug|Any CPU.Build.0 = Debug|Any CPU
		{586209B0-76BC-4196-9A59-32CB07476CB5}.Release|Any CPU.ActiveCfg = Release|Any CPU
		{586209B0-76BC-4196-9A59-32CB07476CB5}.Release|Any CPU.Build.0 = Release|Any CPU
		{6426797F-D5A5-41A4-B1C9-868BE161A10F}.Debug|Any CPU.ActiveCfg = Debug|Any CPU
		{6426797F-D5A5-41A4-B1C9-868BE161A10F}.Debug|Any CPU.Build.0 = Debug|Any CPU
		{6426797F-D5A5-41A4-B1C9-868BE161A10F}.Release|Any CPU.ActiveCfg = Release|Any CPU
		{6426797F-D5A5-41A4-B1C9-868BE161A10F}.Release|Any CPU.Build.0 = Release|Any CPU
		{658942D5-C8AC-4825-A10B-9F2704D9DB41}.Debug|Any CPU.ActiveCfg = Debug|Any CPU
		{658942D5-C8AC-4825-A10B-9F2704D9DB41}.Debug|Any CPU.Build.0 = Debug|Any CPU
		{658942D5-C8AC-4825-A10B-9F2704D9DB41}.Release|Any CPU.ActiveCfg = Release|Any CPU
		{658942D5-C8AC-4825-A10B-9F2704D9DB41}.Release|Any CPU.Build.0 = Release|Any CPU
	EndGlobalSection
	GlobalSection(SolutionProperties) = preSolution
		HideSolutionNode = FALSE
	EndGlobalSection
	GlobalSection(ExtensibilityGlobals) = postSolution
		SolutionGuid = {AFAAC2BB-A62E-4E7C-9CF5-FD2FB7416A99}
	EndGlobalSection
EndGlobal
